
Microsoft Visual Studio Solution File, Format Version 10.00
# Visual Studio 2008
Project("{8BC9CEB8-8B4A-11D0-8D11-00A0C91BC942}") = "WTLTileHost", "WTLTileHost\WTLTileHost.vcproj", "{807F1660-EF49-4B3A-8353-52098F4AA4B1}"
	ProjectSection(ProjectDependencies) = postProject
		{BEAE6128-BEB0-4677-8A51-AAC1FB97729C} = {BEAE6128-BEB0-4677-8A51-AAC1FB97729C}
		{46F2454D-0620-4E9A-80FD-2673F61D3136} = {46F2454D-0620-4E9A-80FD-2673F61D3136}
		{BF56E893-BAF0-48FC-B439-7A542129F604} = {BF56E893-BAF0-48FC-B439-7A542129F604}
		{92DF819F-5A84-4853-8E28-6C2596F8858C} = {92DF819F-5A84-4853-8E28-6C2596F8858C}
	EndProjectSection
EndProject
Project("{8BC9CEB8-8B4A-11D0-8D11-00A0C91BC942}") = "Tile", "Tile\Tile.vcproj", "{92DF819F-5A84-4853-8E28-6C2596F8858C}"
	ProjectSection(ProjectDependencies) = postProject
		{46F2454D-0620-4E9A-80FD-2673F61D3136} = {46F2454D-0620-4E9A-80FD-2673F61D3136}
		{BF56E893-BAF0-48FC-B439-7A542129F604} = {BF56E893-BAF0-48FC-B439-7A542129F604}
	EndProjectSection
EndProject
Project("{8BC9CEB8-8B4A-11D0-8D11-00A0C91BC942}") = "JSON", "JSON\JSON.vcproj", "{BF56E893-BAF0-48FC-B439-7A542129F604}"
	ProjectSection(ProjectDependencies) = postProject
		{46F2454D-0620-4E9A-80FD-2673F61D3136} = {46F2454D-0620-4E9A-80FD-2673F61D3136}
	EndProjectSection
EndProject
Project("{8BC9CEB8-8B4A-11D0-8D11-00A0C91BC942}") = "Test", "Test\Test.vcproj", "{8C36F6B5-2300-439D-B4F1-64DBDAB1D2BF}"
	ProjectSection(ProjectDependencies) = postProject
		{BF56E893-BAF0-48FC-B439-7A542129F604} = {BF56E893-BAF0-48FC-B439-7A542129F604}
		{92DF819F-5A84-4853-8E28-6C2596F8858C} = {92DF819F-5A84-4853-8E28-6C2596F8858C}
	EndProjectSection
EndProject
Project("{8BC9CEB8-8B4A-11D0-8D11-00A0C91BC942}") = "WTL", "WTL\WTL.vcproj", "{BEAE6128-BEB0-4677-8A51-AAC1FB97729C}"
	ProjectSection(ProjectDependencies) = postProject
		{92DF819F-5A84-4853-8E28-6C2596F8858C} = {92DF819F-5A84-4853-8E28-6C2596F8858C}
	EndProjectSection
EndProject
Project("{8BC9CEB8-8B4A-11D0-8D11-00A0C91BC942}") = "MFC", "MFC\MFC.vcproj", "{165E9229-A175-412E-AED3-AF60D307350E}"
	ProjectSection(ProjectDependencies) = postProject
		{92DF819F-5A84-4853-8E28-6C2596F8858C} = {92DF819F-5A84-4853-8E28-6C2596F8858C}
	EndProjectSection
EndProject
Project("{8BC9CEB8-8B4A-11D0-8D11-00A0C91BC942}") = "MFCTileHost", "MFCTileHost\MFCTileHost.vcproj", "{E7A25B44-D72F-4437-A17A-EE013B5F5597}"
	ProjectSection(ProjectDependencies) = postProject
		{165E9229-A175-412E-AED3-AF60D307350E} = {165E9229-A175-412E-AED3-AF60D307350E}
	EndProjectSection
EndProject
Project("{8BC9CEB8-8B4A-11D0-8D11-00A0C91BC942}") = "Stream", "Stream\Stream.vcproj", "{46F2454D-0620-4E9A-80FD-2673F61D3136}"
EndProject
Project("{8BC9CEB8-8B4A-11D0-8D11-00A0C91BC942}") = "TicTacToe", "TicTacToe\TicTacToe.vcproj", "{57839450-E5EC-4DAD-97D6-8E75FB526AED}"
	ProjectSection(ProjectDependencies) = postProject
		{BEAE6128-BEB0-4677-8A51-AAC1FB97729C} = {BEAE6128-BEB0-4677-8A51-AAC1FB97729C}
	EndProjectSection
EndProject
Project("{2150E333-8FDC-42A3-9474-1A3956D46DE8}") = "Apps", "Apps", "{0BB37057-B440-46D2-8500-65F79AD7CD16}"
EndProject
Project("{8BC9CEB8-8B4A-11D0-8D11-00A0C91BC942}") = "Chess", "Chess\Chess.vcproj", "{86E10228-AE13-4E4D-BC0F-BE36301CC4D1}"
	ProjectSection(ProjectDependencies) = postProject
		{BEAE6128-BEB0-4677-8A51-AAC1FB97729C} = {BEAE6128-BEB0-4677-8A51-AAC1FB97729C}
	EndProjectSection
EndProject
Project("{8BC9CEB8-8B4A-11D0-8D11-00A0C91BC942}") = "Calculator", "Calculator\Calculator.vcproj", "{03757DB6-D934-4958-83B1-33DB6DA0DC1C}"
	ProjectSection(ProjectDependencies) = postProject
		{BEAE6128-BEB0-4677-8A51-AAC1FB97729C} = {BEAE6128-BEB0-4677-8A51-AAC1FB97729C}
		{BF56E893-BAF0-48FC-B439-7A542129F604} = {BF56E893-BAF0-48FC-B439-7A542129F604}
		{92DF819F-5A84-4853-8E28-6C2596F8858C} = {92DF819F-5A84-4853-8E28-6C2596F8858C}
	EndProjectSection
EndProject
Project("{8BC9CEB8-8B4A-11D0-8D11-00A0C91BC942}") = "XML", "XML\XML.vcproj", "{D4FDC75B-4732-4BD9-8939-73B7439EDBD7}"
EndProject
Project("{8BC9CEB8-8B4A-11D0-8D11-00A0C91BC942}") = "Http", "Http\Http.vcproj", "{B84BC65F-707C-43C0-8581-E94E0F2A87EC}"
EndProject
Project("{2150E333-8FDC-42A3-9474-1A3956D46DE8}") = "Solution Items", "Solution Items", "{A6886A19-E66D-4D37-B0CE-5EF1DCF0BF36}"
	ProjectSection(SolutionItems) = preProject
		LICENSE = LICENSE
		License.html = License.html
	EndProjectSection
EndProject
Project("{8BC9CEB8-8B4A-11D0-8D11-00A0C91BC942}") = "Book", "Book\Book.vcproj", "{28DE1044-7A47-44C1-AF2D-E747A1D0B02B}"
	ProjectSection(ProjectDependencies) = postProject
		{BEAE6128-BEB0-4677-8A51-AAC1FB97729C} = {BEAE6128-BEB0-4677-8A51-AAC1FB97729C}
		{92DF819F-5A84-4853-8E28-6C2596F8858C} = {92DF819F-5A84-4853-8E28-6C2596F8858C}
	EndProjectSection
EndProject
Global
	GlobalSection(SolutionConfigurationPlatforms) = preSolution
		Debug|Win32 = Debug|Win32
		Release|Win32 = Release|Win32
	EndGlobalSection
	GlobalSection(ProjectConfigurationPlatforms) = postSolution
		{807F1660-EF49-4B3A-8353-52098F4AA4B1}.Debug|Win32.ActiveCfg = Debug|Win32
		{807F1660-EF49-4B3A-8353-52098F4AA4B1}.Debug|Win32.Build.0 = Debug|Win32
		{807F1660-EF49-4B3A-8353-52098F4AA4B1}.Release|Win32.ActiveCfg = Release|Win32
		{807F1660-EF49-4B3A-8353-52098F4AA4B1}.Release|Win32.Build.0 = Release|Win32
		{92DF819F-5A84-4853-8E28-6C2596F8858C}.Debug|Win32.ActiveCfg = Debug|Win32
		{92DF819F-5A84-4853-8E28-6C2596F8858C}.Debug|Win32.Build.0 = Debug|Win32
		{92DF819F-5A84-4853-8E28-6C2596F8858C}.Release|Win32.ActiveCfg = Release|Win32
		{92DF819F-5A84-4853-8E28-6C2596F8858C}.Release|Win32.Build.0 = Release|Win32
		{BF56E893-BAF0-48FC-B439-7A542129F604}.Debug|Win32.ActiveCfg = Debug|Win32
		{BF56E893-BAF0-48FC-B439-7A542129F604}.Debug|Win32.Build.0 = Debug|Win32
		{BF56E893-BAF0-48FC-B439-7A542129F604}.Release|Win32.ActiveCfg = Release|Win32
		{BF56E893-BAF0-48FC-B439-7A542129F604}.Release|Win32.Build.0 = Release|Win32
		{8C36F6B5-2300-439D-B4F1-64DBDAB1D2BF}.Debug|Win32.ActiveCfg = Debug|Win32
		{8C36F6B5-2300-439D-B4F1-64DBDAB1D2BF}.Debug|Win32.Build.0 = Debug|Win32
		{8C36F6B5-2300-439D-B4F1-64DBDAB1D2BF}.Release|Win32.ActiveCfg = Release|Win32
		{8C36F6B5-2300-439D-B4F1-64DBDAB1D2BF}.Release|Win32.Build.0 = Release|Win32
		{BEAE6128-BEB0-4677-8A51-AAC1FB97729C}.Debug|Win32.ActiveCfg = Debug|Win32
		{BEAE6128-BEB0-4677-8A51-AAC1FB97729C}.Debug|Win32.Build.0 = Debug|Win32
		{BEAE6128-BEB0-4677-8A51-AAC1FB97729C}.Release|Win32.ActiveCfg = Release|Win32
		{BEAE6128-BEB0-4677-8A51-AAC1FB97729C}.Release|Win32.Build.0 = Release|Win32
		{165E9229-A175-412E-AED3-AF60D307350E}.Debug|Win32.ActiveCfg = Debug|Win32
		{165E9229-A175-412E-AED3-AF60D307350E}.Debug|Win32.Build.0 = Debug|Win32
		{165E9229-A175-412E-AED3-AF60D307350E}.Release|Win32.ActiveCfg = Release|Win32
		{165E9229-A175-412E-AED3-AF60D307350E}.Release|Win32.Build.0 = Release|Win32
		{E7A25B44-D72F-4437-A17A-EE013B5F5597}.Debug|Win32.ActiveCfg = Debug|Win32
		{E7A25B44-D72F-4437-A17A-EE013B5F5597}.Debug|Win32.Build.0 = Debug|Win32
		{E7A25B44-D72F-4437-A17A-EE013B5F5597}.Release|Win32.ActiveCfg = Release|Win32
		{E7A25B44-D72F-4437-A17A-EE013B5F5597}.Release|Win32.Build.0 = Release|Win32
		{46F2454D-0620-4E9A-80FD-2673F61D3136}.Debug|Win32.ActiveCfg = Debug|Win32
		{46F2454D-0620-4E9A-80FD-2673F61D3136}.Debug|Win32.Build.0 = Debug|Win32
		{46F2454D-0620-4E9A-80FD-2673F61D3136}.Release|Win32.ActiveCfg = Release|Win32
		{46F2454D-0620-4E9A-80FD-2673F61D3136}.Release|Win32.Build.0 = Release|Win32
		{57839450-E5EC-4DAD-97D6-8E75FB526AED}.Debug|Win32.ActiveCfg = Debug|Win32
		{57839450-E5EC-4DAD-97D6-8E75FB526AED}.Debug|Win32.Build.0 = Debug|Win32
		{57839450-E5EC-4DAD-97D6-8E75FB526AED}.Release|Win32.ActiveCfg = Release|Win32
		{57839450-E5EC-4DAD-97D6-8E75FB526AED}.Release|Win32.Build.0 = Release|Win32
		{86E10228-AE13-4E4D-BC0F-BE36301CC4D1}.Debug|Win32.ActiveCfg = Debug|Win32
		{86E10228-AE13-4E4D-BC0F-BE36301CC4D1}.Debug|Win32.Build.0 = Debug|Win32
		{86E10228-AE13-4E4D-BC0F-BE36301CC4D1}.Release|Win32.ActiveCfg = Release|Win32
		{86E10228-AE13-4E4D-BC0F-BE36301CC4D1}.Release|Win32.Build.0 = Release|Win32
		{03757DB6-D934-4958-83B1-33DB6DA0DC1C}.Debug|Win32.ActiveCfg = Debug|Win32
		{03757DB6-D934-4958-83B1-33DB6DA0DC1C}.Debug|Win32.Build.0 = Debug|Win32
		{03757DB6-D934-4958-83B1-33DB6DA0DC1C}.Release|Win32.ActiveCfg = Release|Win32
		{03757DB6-D934-4958-83B1-33DB6DA0DC1C}.Release|Win32.Build.0 = Release|Win32
		{D4FDC75B-4732-4BD9-8939-73B7439EDBD7}.Debug|Win32.ActiveCfg = Debug|Win32
		{D4FDC75B-4732-4BD9-8939-73B7439EDBD7}.Debug|Win32.Build.0 = Debug|Win32
		{D4FDC75B-4732-4BD9-8939-73B7439EDBD7}.Release|Win32.ActiveCfg = Release|Win32
		{D4FDC75B-4732-4BD9-8939-73B7439EDBD7}.Release|Win32.Build.0 = Release|Win32
		{B84BC65F-707C-43C0-8581-E94E0F2A87EC}.Debug|Win32.ActiveCfg = Debug|Win32
		{B84BC65F-707C-43C0-8581-E94E0F2A87EC}.Debug|Win32.Build.0 = Debug|Win32
		{B84BC65F-707C-43C0-8581-E94E0F2A87EC}.Release|Win32.ActiveCfg = Release|Win32
		{B84BC65F-707C-43C0-8581-E94E0F2A87EC}.Release|Win32.Build.0 = Release|Win32
		{28DE1044-7A47-44C1-AF2D-E747A1D0B02B}.Debug|Win32.ActiveCfg = Debug|Win32
		{28DE1044-7A47-44C1-AF2D-E747A1D0B02B}.Debug|Win32.Build.0 = Debug|Win32
		{28DE1044-7A47-44C1-AF2D-E747A1D0B02B}.Release|Win32.ActiveCfg = Release|Win32
		{28DE1044-7A47-44C1-AF2D-E747A1D0B02B}.Release|Win32.Build.0 = Release|Win32
	EndGlobalSection
	GlobalSection(SolutionProperties) = preSolution
		HideSolutionNode = FALSE
	EndGlobalSection
	GlobalSection(NestedProjects) = preSolution
		{57839450-E5EC-4DAD-97D6-8E75FB526AED} = {0BB37057-B440-46D2-8500-65F79AD7CD16}
		{86E10228-AE13-4E4D-BC0F-BE36301CC4D1} = {0BB37057-B440-46D2-8500-65F79AD7CD16}
		{03757DB6-D934-4958-83B1-33DB6DA0DC1C} = {0BB37057-B440-46D2-8500-65F79AD7CD16}
		{28DE1044-7A47-44C1-AF2D-E747A1D0B02B} = {0BB37057-B440-46D2-8500-65F79AD7CD16}
	EndGlobalSection
EndGlobal
